
Microsoft Visual Studio Solution File, Format Version 12.00
# Visual Studio Version 17
VisualStudioVersion = 17.11.35208.52
MinimumVisualStudioVersion = 10.0.40219.1
Project("{FAE04EC0-301F-11D3-BF4B-00C04F79EFBC}") = "ToDo-List", "ToDo-List\ToDo-List.csproj", "{934B331F-DA7B-49C9-9D0C-9AE2A8C20491}"
EndProject
Global
	GlobalSection(SolutionConfigurationPlatforms) = preSolution
		Debug|Any CPU = Debug|Any CPU
		Release|Any CPU = Release|Any CPU
	EndGlobalSection
	GlobalSection(ProjectConfigurationPlatforms) = postSolution
		{934B331F-DA7B-49C9-9D0C-9AE2A8C20491}.Debug|Any CPU.ActiveCfg = Debug|Any CPU
		{934B331F-DA7B-49C9-9D0C-9AE2A8C20491}.Debug|Any CPU.Build.0 = Debug|Any CPU
		{934B331F-DA7B-49C9-9D0C-9AE2A8C20491}.Release|Any CPU.ActiveCfg = Release|Any CPU
		{934B331F-DA7B-49C9-9D0C-9AE2A8C20491}.Release|Any CPU.Build.0 = Release|Any CPU
	EndGlobalSection
	GlobalSection(SolutionProperties) = preSolution
		HideSolutionNode = FALSE
	EndGlobalSection
	GlobalSection(ExtensibilityGlobals) = postSolution
		SolutionGuid = {4921D535-0C73-4A2B-8010-9C0DD007E357}
	EndGlobalSection
EndGlobal
